
Microsoft Visual Studio Solution File, Format Version 12.00
# Visual Studio 15
VisualStudioVersion = 15.0.27428.2002
MinimumVisualStudioVersion = 10.0.40219.1
Project("{FAE04EC0-301F-11D3-BF4B-00C04F79EFBC}") = "WindowsFormsApp4", "WindowsFormsApp4\WindowsFormsApp4.csproj", "{4243F28B-EF34-4937-AC21-35259D86A234}"
EndProject
Global
	GlobalSection(SolutionConfigurationPlatforms) = preSolution
		Debug|Any CPU = Debug|Any CPU
		Release|Any CPU = Release|Any CPU
	EndGlobalSection
	GlobalSection(ProjectConfigurationPlatforms) = postSolution
		{4243F28B-EF34-4937-AC21-35259D86A234}.Debug|Any CPU.ActiveCfg = Debug|Any CPU
		{4243F28B-EF34-4937-AC21-35259D86A234}.Debug|Any CPU.Build.0 = Debug|Any CPU
		{4243F28B-EF34-4937-AC21-35259D86A234}.Release|Any CPU.ActiveCfg = Release|Any CPU
		{4243F28B-EF34-4937-AC21-35259D86A234}.Release|Any CPU.Build.0 = Release|Any CPU
	EndGlobalSection
	GlobalSection(SolutionProperties) = preSolution
		HideSolutionNode = FALSE
	EndGlobalSection
	GlobalSection(ExtensibilityGlobals) = postSolution
		SolutionGuid = {7090050D-53FF-46F9-B2D0-997E24122320}
	EndGlobalSection
EndGlobal
